{
  "nodes": {
    "nixpkgs": {
      "locked": {
        "lastModified": 1768395095,
        "narHash": "sha256-ZhuYJbwbZT32QA95tSkXd9zXHcdZj90EzHpEXBMabaw=",
        "owner": "NixOS",
        "repo": "nixpkgs",
        "rev": "13868c071cc73a5e9f610c47d7bb08e5da64fdd5",
        "type": "github"
      },
      "original": {
        "owner": "NixOS",
        "ref": "nixpkgs-unstable",
        "repo": "nixpkgs",
        "type": "github"
      }
    },
    "progrez": {
      "flake": false,
      "locked": {
        "lastModified": 1772480347,
        "narHash": "sha256-tcQtrUZJu5VmRyngrJcriK8zOAmTdGUOq61FNQFrjDY=",
        "owner": "pmarreck",
        "repo": "progrez",
        "rev": "377256d88ef8e664177b88a66a361a46be4e4c83",
        "type": "github"
      },
      "original": {
        "owner": "pmarreck",
        "ref": "yolo",
        "repo": "progrez",
        "type": "github"
      }
    },
    "root": {
      "inputs": {
        "nixpkgs": "nixpkgs",
        "progrez": "progrez"
      }
    }
  },
  "root": "root",
  "version": 7
}
