{
  "nodes": {
    "nixpkgs": {
      "locked": {
        "lastModified": 1768395095,
        "narHash": "sha256-ZhuYJbwbZT32QA95tSkXd9zXHcdZj90EzHpEXBMabaw=",
        "owner": "NixOS",
        "repo": "nixpkgs",
        "rev": "13868c071cc73a5e9f610c47d7bb08e5da64fdd5",
        "type": "github"
      },
      "original": {
        "owner": "NixOS",
        "ref": "nixpkgs-unstable",
        "repo": "nixpkgs",
        "type": "github"
      }
    },
    "progrez": {
      "flake": false,
      "locked": {
        "lastModified": 1772339631,
        "narHash": "sha256-nNSeL0S/+t31filBMBS+UZTpk1UDF36SMOXJ9PqwIEo=",
        "owner": "pmarreck",
        "repo": "progrez",
        "rev": "331455d8451d8367b9495cdc7f2a632dd535b33b",
        "type": "github"
      },
      "original": {
        "owner": "pmarreck",
        "ref": "yolo",
        "repo": "progrez",
        "type": "github"
      }
    },
    "root": {
      "inputs": {
        "nixpkgs": "nixpkgs",
        "progrez": "progrez"
      }
    }
  },
  "root": "root",
  "version": 7
}
